// !$*UTF8*$!
{
	archiveVersion = 1;
	classes = {
	};
	objectVersion = 48;
	objects = {

/* Begin PBXBuildFile section */
		60D787FBADB59EE0A226D8B5 /* libPods-LWShareView.a in Frameworks */ = {isa = PBXBuildFile; fileRef = 4B4B4CD539A0F6FBC8AAEEB3 /* libPods-LWShareView.a */; };
		EA223DE425AD825FEABECE4E /* libPods-LWShareViewTests.a in Frameworks */ = {isa = PBXBuildFile; fileRef = 3958A50DB070AFCBBC719ADA /* libPods-LWShareViewTests.a */; };
		EB00A4AB2004720700DC2102 /* AppDelegate.m in Sources */ = {isa = PBXBuildFile; fileRef = EB00A4AA2004720700DC2102 /* AppDelegate.m */; };
		EB00A4B12004720700DC2102 /* Main.storyboard in Resources */ = {isa = PBXBuildFile; fileRef = EB00A4AF2004720700DC2102 /* Main.storyboard */; };
		EB00A4B32004720700DC2102 /* Assets.xcassets in Resources */ = {isa = PBXBuildFile; fileRef = EB00A4B22004720700DC2102 /* Assets.xcassets */; };
		EB00A4B62004720700DC2102 /* LaunchScreen.storyboard in Resources */ = {isa = PBXBuildFile; fileRef = EB00A4B42004720700DC2102 /* LaunchScreen.storyboard */; };
		EB00A4B92004720700DC2102 /* main.m in Sources */ = {isa = PBXBuildFile; fileRef = EB00A4B82004720700DC2102 /* main.m */; };
		EB00A4C32004720800DC2102 /* LWShareViewTests.m in Sources */ = {isa = PBXBuildFile; fileRef = EB00A4C22004720800DC2102 /* LWShareViewTests.m */; };
		EB00A4CE2004720800DC2102 /* LWShareViewUITests.m in Sources */ = {isa = PBXBuildFile; fileRef = EB00A4CD2004720800DC2102 /* LWShareViewUITests.m */; };
		EB00A4DE2004731A00DC2102 /* LWShareSheetView.m in Sources */ = {isa = PBXBuildFile; fileRef = EB00A4DD2004731A00DC2102 /* LWShareSheetView.m */; };
		EB00A4E52004743400DC2102 /* LWViewController.m in Sources */ = {isa = PBXBuildFile; fileRef = EB00A4E42004743400DC2102 /* LWViewController.m */; };
		EB00A4E820049B6100DC2102 /* UIColor+LW.m in Sources */ = {isa = PBXBuildFile; fileRef = EB00A4E620049B6100DC2102 /* UIColor+LW.m */; };
		EB00A4EB20049EAC00DC2102 /* LWShareContentView.m in Sources */ = {isa = PBXBuildFile; fileRef = EB00A4EA20049EAC00DC2102 /* LWShareContentView.m */; };
		EB00A4F32004A5E100DC2102 /* Share.xcassets in Resources */ = {isa = PBXBuildFile; fileRef = EB00A4F22004A5E100DC2102 /* Share.xcassets */; };
		EB00A5042004C94400DC2102 /* LWShareCollectionViewCell.m in Sources */ = {isa = PBXBuildFile; fileRef = EB00A5002004C94400DC2102 /* LWShareCollectionViewCell.m */; };
		EB00A5052004C94400DC2102 /* LWShareButton.m in Sources */ = {isa = PBXBuildFile; fileRef = EB00A5032004C94400DC2102 /* LWShareButton.m */; };
		EB00A5162005F66000DC2102 /* LWShareService.m in Sources */ = {isa = PBXBuildFile; fileRef = EB00A5152005F66000DC2102 /* LWShareService.m */; };
		F24F37C0F3B77DD319915A02 /* libPods-LWShareViewUITests.a in Frameworks */ = {isa = PBXBuildFile; fileRef = 1631C23A176D1E0C17012AC8 /* libPods-LWShareViewUITests.a */; };
/* End PBXBuildFile section */

/* Begin PBXContainerItemProxy section */
		EB00A4BF2004720800DC2102 /* PBXContainerItemProxy */ = {
			isa = PBXContainerItemProxy;
			containerPortal = EB00A49E2004720700DC2102 /* Project object */;
			proxyType = 1;
			remoteGlobalIDString = EB00A4A52004720700DC2102;
			remoteInfo = LWShareView;
		};
		EB00A4CA2004720800DC2102 /* PBXContainerItemProxy */ = {
			isa = PBXContainerItemProxy;
			containerPortal = EB00A49E2004720700DC2102 /* Project object */;
			proxyType = 1;
			remoteGlobalIDString = EB00A4A52004720700DC2102;
			remoteInfo = LWShareView;
		};
/* End PBXContainerItemProxy section */

/* Begin PBXFileReference section */
		057B9E4A1912FE23C62A88B1 /* Pods-LWShareView.debug.xcconfig */ = {isa = PBXFileReference; includeInIndex = 1; lastKnownFileType = text.xcconfig; name = "Pods-LWShareView.debug.xcconfig"; path = "Pods/Target Support Files/Pods-LWShareView/Pods-LWShareView.debug.xcconfig"; sourceTree = "<group>"; };
		1631C23A176D1E0C17012AC8 /* libPods-LWShareViewUITests.a */ = {isa = PBXFileReference; explicitFileType = archive.ar; includeInIndex = 0; path = "libPods-LWShareViewUITests.a"; sourceTree = BUILT_PRODUCTS_DIR; };
		3958A50DB070AFCBBC719ADA /* libPods-LWShareViewTests.a */ = {isa = PBXFileReference; explicitFileType = archive.ar; includeInIndex = 0; path = "libPods-LWShareViewTests.a"; sourceTree = BUILT_PRODUCTS_DIR; };
		4B4B4CD539A0F6FBC8AAEEB3 /* libPods-LWShareView.a */ = {isa = PBXFileReference; explicitFileType = archive.ar; includeInIndex = 0; path = "libPods-LWShareView.a"; sourceTree = BUILT_PRODUCTS_DIR; };
		AEBD0519B1051D1847000A70 /* Pods-LWShareViewUITests.debug.xcconfig */ = {isa = PBXFileReference; includeInIndex = 1; lastKnownFileType = text.xcconfig; name = "Pods-LWShareViewUITests.debug.xcconfig"; path = "Pods/Target Support Files/Pods-LWShareViewUITests/Pods-LWShareViewUITests.debug.xcconfig"; sourceTree = "<group>"; };
		C0B71BCEF514B6BEB4B2E239 /* Pods-LWShareViewTests.debug.xcconfig */ = {isa = PBXFileReference; includeInIndex = 1; lastKnownFileType = text.xcconfig; name = "Pods-LWShareViewTests.debug.xcconfig"; path = "Pods/Target Support Files/Pods-LWShareViewTests/Pods-LWShareViewTests.debug.xcconfig"; sourceTree = "<group>"; };
		D109CD94B3622575E332220F /* Pods-LWShareViewTests.release.xcconfig */ = {isa = PBXFileReference; includeInIndex = 1; lastKnownFileType = text.xcconfig; name = "Pods-LWShareViewTests.release.xcconfig"; path = "Pods/Target Support Files/Pods-LWShareViewTests/Pods-LWShareViewTests.release.xcconfig"; sourceTree = "<group>"; };
		EB00A4A62004720700DC2102 /* LWShareView.app */ = {isa = PBXFileReference; explicitFileType = wrapper.application; includeInIndex = 0; path = LWShareView.app; sourceTree = BUILT_PRODUCTS_DIR; };
		EB00A4A92004720700DC2102 /* AppDelegate.h */ = {isa = PBXFileReference; lastKnownFileType = sourcecode.c.h; path = AppDelegate.h; sourceTree = "<group>"; };
		EB00A4AA2004720700DC2102 /* AppDelegate.m */ = {isa = PBXFileReference; lastKnownFileType = sourcecode.c.objc; path = AppDelegate.m; sourceTree = "<group>"; };
		EB00A4B02004720700DC2102 /* Base */ = {isa = PBXFileReference; lastKnownFileType = file.storyboard; name = Base; path = Base.lproj/Main.storyboard; sourceTree = "<group>"; };
		EB00A4B22004720700DC2102 /* Assets.xcassets */ = {isa = PBXFileReference; lastKnownFileType = folder.assetcatalog; path = Assets.xcassets; sourceTree = "<group>"; };
		EB00A4B52004720700DC2102 /* Base */ = {isa = PBXFileReference; lastKnownFileType = file.storyboard; name = Base; path = Base.lproj/LaunchScreen.storyboard; sourceTree = "<group>"; };
		EB00A4B72004720700DC2102 /* Info.plist */ = {isa = PBXFileReference; lastKnownFileType = text.plist.xml; path = Info.plist; sourceTree = "<group>"; };
		EB00A4B82004720700DC2102 /* main.m */ = {isa = PBXFileReference; lastKnownFileType = sourcecode.c.objc; path = main.m; sourceTree = "<group>"; };
		EB00A4BE2004720800DC2102 /* LWShareViewTests.xctest */ = {isa = PBXFileReference; explicitFileType = wrapper.cfbundle; includeInIndex = 0; path = LWShareViewTests.xctest; sourceTree = BUILT_PRODUCTS_DIR; };
		EB00A4C22004720800DC2102 /* LWShareViewTests.m */ = {isa = PBXFileReference; lastKnownFileType = sourcecode.c.objc; path = LWShareViewTests.m; sourceTree = "<group>"; };
		EB00A4C42004720800DC2102 /* Info.plist */ = {isa = PBXFileReference; lastKnownFileType = text.plist.xml; path = Info.plist; sourceTree = "<group>"; };
		EB00A4C92004720800DC2102 /* LWShareViewUITests.xctest */ = {isa = PBXFileReference; explicitFileType = wrapper.cfbundle; includeInIndex = 0; path = LWShareViewUITests.xctest; sourceTree = BUILT_PRODUCTS_DIR; };
		EB00A4CD2004720800DC2102 /* LWShareViewUITests.m */ = {isa = PBXFileReference; lastKnownFileType = sourcecode.c.objc; path = LWShareViewUITests.m; sourceTree = "<group>"; };
		EB00A4CF2004720800DC2102 /* Info.plist */ = {isa = PBXFileReference; lastKnownFileType = text.plist.xml; path = Info.plist; sourceTree = "<group>"; };
		EB00A4DC2004731A00DC2102 /* LWShareSheetView.h */ = {isa = PBXFileReference; lastKnownFileType = sourcecode.c.h; path = LWShareSheetView.h; sourceTree = "<group>"; };
		EB00A4DD2004731A00DC2102 /* LWShareSheetView.m */ = {isa = PBXFileReference; lastKnownFileType = sourcecode.c.objc; path = LWShareSheetView.m; sourceTree = "<group>"; };
		EB00A4E32004743400DC2102 /* LWViewController.h */ = {isa = PBXFileReference; lastKnownFileType = sourcecode.c.h; path = LWViewController.h; sourceTree = "<group>"; };
		EB00A4E42004743400DC2102 /* LWViewController.m */ = {isa = PBXFileReference; lastKnownFileType = sourcecode.c.objc; path = LWViewController.m; sourceTree = "<group>"; };
		EB00A4E620049B6100DC2102 /* UIColor+LW.m */ = {isa = PBXFileReference; fileEncoding = 4; lastKnownFileType = sourcecode.c.objc; path = "UIColor+LW.m"; sourceTree = "<group>"; };
		EB00A4E720049B6100DC2102 /* UIColor+LW.h */ = {isa = PBXFileReference; fileEncoding = 4; lastKnownFileType = sourcecode.c.h; path = "UIColor+LW.h"; sourceTree = "<group>"; };
		EB00A4E920049EAC00DC2102 /* LWShareContentView.h */ = {isa = PBXFileReference; lastKnownFileType = sourcecode.c.h; path = LWShareContentView.h; sourceTree = "<group>"; };
		EB00A4EA20049EAC00DC2102 /* LWShareContentView.m */ = {isa = PBXFileReference; lastKnownFileType = sourcecode.c.objc; path = LWShareContentView.m; sourceTree = "<group>"; };
		EB00A4F22004A5E100DC2102 /* Share.xcassets */ = {isa = PBXFileReference; lastKnownFileType = folder.assetcatalog; path = Share.xcassets; sourceTree = "<group>"; };
		EB00A5002004C94400DC2102 /* LWShareCollectionViewCell.m */ = {isa = PBXFileReference; fileEncoding = 4; lastKnownFileType = sourcecode.c.objc; path = LWShareCollectionViewCell.m; sourceTree = "<group>"; };
		EB00A5012004C94400DC2102 /* LWShareCollectionViewCell.h */ = {isa = PBXFileReference; fileEncoding = 4; lastKnownFileType = sourcecode.c.h; path = LWShareCollectionViewCell.h; sourceTree = "<group>"; };
		EB00A5022004C94400DC2102 /* LWShareButton.h */ = {isa = PBXFileReference; fileEncoding = 4; lastKnownFileType = sourcecode.c.h; path = LWShareButton.h; sourceTree = "<group>"; };
		EB00A5032004C94400DC2102 /* LWShareButton.m */ = {isa = PBXFileReference; fileEncoding = 4; lastKnownFileType = sourcecode.c.objc; path = LWShareButton.m; sourceTree = "<group>"; };
		EB00A5142005F66000DC2102 /* LWShareService.h */ = {isa = PBXFileReference; lastKnownFileType = sourcecode.c.h; path = LWShareService.h; sourceTree = "<group>"; };
		EB00A5152005F66000DC2102 /* LWShareService.m */ = {isa = PBXFileReference; lastKnownFileType = sourcecode.c.objc; path = LWShareService.m; sourceTree = "<group>"; };
		F381D8F3B2DD8E947B1623AC /* Pods-LWShareView.release.xcconfig */ = {isa = PBXFileReference; includeInIndex = 1; lastKnownFileType = text.xcconfig; name = "Pods-LWShareView.release.xcconfig"; path = "Pods/Target Support Files/Pods-LWShareView/Pods-LWShareView.release.xcconfig"; sourceTree = "<group>"; };
		F9FB605A583B843E88B9A82B /* Pods-LWShareViewUITests.release.xcconfig */ = {isa = PBXFileReference; includeInIndex = 1; lastKnownFileType = text.xcconfig; name = "Pods-LWShareViewUITests.release.xcconfig"; path = "Pods/Target Support Files/Pods-LWShareViewUITests/Pods-LWShareViewUITests.release.xcconfig"; sourceTree = "<group>"; };
/* End PBXFileReference section */

/* Begin PBXFrameworksBuildPhase section */
		EB00A4A32004720700DC2102 /* Frameworks */ = {
			isa = PBXFrameworksBuildPhase;
			buildActionMask = 2147483647;
			files = (
				60D787FBADB59EE0A226D8B5 /* libPods-LWShareView.a in Frameworks */,
			);
			runOnlyForDeploymentPostprocessing = 0;
		};
		EB00A4BB2004720800DC2102 /* Frameworks */ = {
			isa = PBXFrameworksBuildPhase;
			buildActionMask = 2147483647;
			files = (
				EA223DE425AD825FEABECE4E /* libPods-LWShareViewTests.a in Frameworks */,
			);
			runOnlyForDeploymentPostprocessing = 0;
		};
		EB00A4C62004720800DC2102 /* Frameworks */ = {
			isa = PBXFrameworksBuildPhase;
			buildActionMask = 2147483647;
			files = (
				F24F37C0F3B77DD319915A02 /* libPods-LWShareViewUITests.a in Frameworks */,
			);
			runOnlyForDeploymentPostprocessing = 0;
		};
/* End PBXFrameworksBuildPhase section */

/* Begin PBXGroup section */
		666E2E5F01534A0753F31A2A /* Pods */ = {
			isa = PBXGroup;
			children = (
				057B9E4A1912FE23C62A88B1 /* Pods-LWShareView.debug.xcconfig */,
				F381D8F3B2DD8E947B1623AC /* Pods-LWShareView.release.xcconfig */,
				C0B71BCEF514B6BEB4B2E239 /* Pods-LWShareViewTests.debug.xcconfig */,
				D109CD94B3622575E332220F /* Pods-LWShareViewTests.release.xcconfig */,
				AEBD0519B1051D1847000A70 /* Pods-LWShareViewUITests.debug.xcconfig */,
				F9FB605A583B843E88B9A82B /* Pods-LWShareViewUITests.release.xcconfig */,
			);
			name = Pods;
			sourceTree = "<group>";
		};
		ADA5BFB533A986F36BB0532C /* Frameworks */ = {
			isa = PBXGroup;
			children = (
				4B4B4CD539A0F6FBC8AAEEB3 /* libPods-LWShareView.a */,
				3958A50DB070AFCBBC719ADA /* libPods-LWShareViewTests.a */,
				1631C23A176D1E0C17012AC8 /* libPods-LWShareViewUITests.a */,
			);
			name = Frameworks;
			sourceTree = "<group>";
		};
		EB00A49D2004720700DC2102 = {
			isa = PBXGroup;
			children = (
				EB00A4A82004720700DC2102 /* LWShareView */,
				EB00A4C12004720800DC2102 /* LWShareViewTests */,
				EB00A4CC2004720800DC2102 /* LWShareViewUITests */,
				EB00A4A72004720700DC2102 /* Products */,
				666E2E5F01534A0753F31A2A /* Pods */,
				ADA5BFB533A986F36BB0532C /* Frameworks */,
			);
			sourceTree = "<group>";
		};
		EB00A4A72004720700DC2102 /* Products */ = {
			isa = PBXGroup;
			children = (
				EB00A4A62004720700DC2102 /* LWShareView.app */,
				EB00A4BE2004720800DC2102 /* LWShareViewTests.xctest */,
				EB00A4C92004720800DC2102 /* LWShareViewUITests.xctest */,
			);
			name = Products;
			sourceTree = "<group>";
		};
		EB00A4A82004720700DC2102 /* LWShareView */ = {
			isa = PBXGroup;
			children = (
				EB00A4E720049B6100DC2102 /* UIColor+LW.h */,
				EB00A4E620049B6100DC2102 /* UIColor+LW.m */,
				EB00A4DB2004730800DC2102 /* LWShareView */,
				EB00A4A92004720700DC2102 /* AppDelegate.h */,
				EB00A4AA2004720700DC2102 /* AppDelegate.m */,
				EB00A4E32004743400DC2102 /* LWViewController.h */,
				EB00A4E42004743400DC2102 /* LWViewController.m */,
				EB00A4DF2004740800DC2102 /* Support Files */,
			);
			path = LWShareView;
			sourceTree = "<group>";
		};
		EB00A4C12004720800DC2102 /* LWShareViewTests */ = {
			isa = PBXGroup;
			children = (
				EB00A4C22004720800DC2102 /* LWShareViewTests.m */,
				EB00A4C42004720800DC2102 /* Info.plist */,
			);
			path = LWShareViewTests;
			sourceTree = "<group>";
		};
		EB00A4CC2004720800DC2102 /* LWShareViewUITests */ = {
			isa = PBXGroup;
			children = (
				EB00A4CD2004720800DC2102 /* LWShareViewUITests.m */,
				EB00A4CF2004720800DC2102 /* Info.plist */,
			);
			path = LWShareViewUITests;
			sourceTree = "<group>";
		};
		EB00A4DB2004730800DC2102 /* LWShareView */ = {
			isa = PBXGroup;
			children = (
				EB00A5022004C94400DC2102 /* LWShareButton.h */,
				EB00A5032004C94400DC2102 /* LWShareButton.m */,
				EB00A5012004C94400DC2102 /* LWShareCollectionViewCell.h */,
				EB00A5002004C94400DC2102 /* LWShareCollectionViewCell.m */,
				EB00A4DC2004731A00DC2102 /* LWShareSheetView.h */,
				EB00A4DD2004731A00DC2102 /* LWShareSheetView.m */,
				EB00A4E920049EAC00DC2102 /* LWShareContentView.h */,
				EB00A4EA20049EAC00DC2102 /* LWShareContentView.m */,
				EB00A5142005F66000DC2102 /* LWShareService.h */,
				EB00A5152005F66000DC2102 /* LWShareService.m */,
				EB00A4F22004A5E100DC2102 /* Share.xcassets */,
			);
			path = LWShareView;
			sourceTree = "<group>";
		};
		EB00A4DF2004740800DC2102 /* Support Files */ = {
			isa = PBXGroup;
			children = (
				EB00A4AF2004720700DC2102 /* Main.storyboard */,
				EB00A4B22004720700DC2102 /* Assets.xcassets */,
				EB00A4B42004720700DC2102 /* LaunchScreen.storyboard */,
				EB00A4B72004720700DC2102 /* Info.plist */,
				EB00A4B82004720700DC2102 /* main.m */,
			);
			path = "Support Files";
			sourceTree = "<group>";
		};
/* End PBXGroup section */

/* Begin PBXNativeTarget section */
		EB00A4A52004720700DC2102 /* LWShareView */ = {
			isa = PBXNativeTarget;
			buildConfigurationList = EB00A4D22004720800DC2102 /* Build configuration list for PBXNativeTarget "LWShareView" */;
			buildPhases = (
				1C58966B88ADB34AA73341C9 /* [CP] Check Pods Manifest.lock */,
				EB00A4A22004720700DC2102 /* Sources */,
				EB00A4A32004720700DC2102 /* Frameworks */,
				EB00A4A42004720700DC2102 /* Resources */,
				A8692C40A53C7BD4483FA1E5 /* [CP] Embed Pods Frameworks */,
				EE4D7FC7F8DE49BCF62C47B9 /* [CP] Copy Pods Resources */,
			);
			buildRules = (
			);
			dependencies = (
			);
			name = LWShareView;
			productName = LWShareView;
			productReference = EB00A4A62004720700DC2102 /* LWShareView.app */;
			productType = "com.apple.product-type.application";
		};
		EB00A4BD2004720800DC2102 /* LWShareViewTests */ = {
			isa = PBXNativeTarget;
			buildConfigurationList = EB00A4D52004720800DC2102 /* Build configuration list for PBXNativeTarget "LWShareViewTests" */;
			buildPhases = (
				C2DA74B432949C3F6D765439 /* [CP] Check Pods Manifest.lock */,
				EB00A4BA2004720800DC2102 /* Sources */,
				EB00A4BB2004720800DC2102 /* Frameworks */,
				EB00A4BC2004720800DC2102 /* Resources */,
				C0D51E96F6709B1100BD9F31 /* [CP] Embed Pods Frameworks */,
				8FFF2058AD386FE7B90067A6 /* [CP] Copy Pods Resources */,
			);
			buildRules = (
			);
			dependencies = (
				EB00A4C02004720800DC2102 /* PBXTargetDependency */,
			);
			name = LWShareViewTests;
			productName = LWShareViewTests;
			productReference = EB00A4BE2004720800DC2102 /* LWShareViewTests.xctest */;
			productType = "com.apple.product-type.bundle.unit-test";
		};
		EB00A4C82004720800DC2102 /* LWShareViewUITests */ = {
			isa = PBXNativeTarget;
			buildConfigurationList = EB00A4D82004720800DC2102 /* Build configuration list for PBXNativeTarget "LWShareViewUITests" */;
			buildPhases = (
				008E8E92BEEBF1A7CD82294C /* [CP] Check Pods Manifest.lock */,
				EB00A4C52004720800DC2102 /* Sources */,
				EB00A4C62004720800DC2102 /* Frameworks */,
				EB00A4C72004720800DC2102 /* Resources */,
				DAB3FB07C16C3A68BA1E9AC6 /* [CP] Embed Pods Frameworks */,
				7ED6D4DF366B8D19DA25EED4 /* [CP] Copy Pods Resources */,
			);
			buildRules = (
			);
			dependencies = (
				EB00A4CB2004720800DC2102 /* PBXTargetDependency */,
			);
			name = LWShareViewUITests;
			productName = LWShareViewUITests;
			productReference = EB00A4C92004720800DC2102 /* LWShareViewUITests.xctest */;
			productType = "com.apple.product-type.bundle.ui-testing";
		};
/* End PBXNativeTarget section */

/* Begin PBXProject section */
		EB00A49E2004720700DC2102 /* Project object */ = {
			isa = PBXProject;
			attributes = {
				LastUpgradeCheck = 0920;
				ORGANIZATIONNAME = LeeWong;
				TargetAttributes = {
					EB00A4A52004720700DC2102 = {
						CreatedOnToolsVersion = 9.2;
						ProvisioningStyle = Automatic;
					};
					EB00A4BD2004720800DC2102 = {
						CreatedOnToolsVersion = 9.2;
						ProvisioningStyle = Automatic;
						TestTargetID = EB00A4A52004720700DC2102;
					};
					EB00A4C82004720800DC2102 = {
						CreatedOnToolsVersion = 9.2;
						ProvisioningStyle = Automatic;
						TestTargetID = EB00A4A52004720700DC2102;
					};
				};
			};
			buildConfigurationList = EB00A4A12004720700DC2102 /* Build configuration list for PBXProject "LWShareView" */;
			compatibilityVersion = "Xcode 8.0";
			developmentRegion = en;
			hasScannedForEncodings = 0;
			knownRegions = (
				en,
				Base,
			);
			mainGroup = EB00A49D2004720700DC2102;
			productRefGroup = EB00A4A72004720700DC2102 /* Products */;
			projectDirPath = "";
			projectRoot = "";
			targets = (
				EB00A4A52004720700DC2102 /* LWShareView */,
				EB00A4BD2004720800DC2102 /* LWShareViewTests */,
				EB00A4C82004720800DC2102 /* LWShareViewUITests */,
			);
		};
/* End PBXProject section */

/* Begin PBXResourcesBuildPhase section */
		EB00A4A42004720700DC2102 /* Resources */ = {
			isa = PBXResourcesBuildPhase;
			buildActionMask = 2147483647;
			files = (
				EB00A4B62004720700DC2102 /* LaunchScreen.storyboard in Resources */,
				EB00A4F32004A5E100DC2102 /* Share.xcassets in Resources */,
				EB00A4B32004720700DC2102 /* Assets.xcassets in Resources */,
				EB00A4B12004720700DC2102 /* Main.storyboard in Resources */,
			);
			runOnlyForDeploymentPostprocessing = 0;
		};
		EB00A4BC2004720800DC2102 /* Resources */ = {
			isa = PBXResourcesBuildPhase;
			buildActionMask = 2147483647;
			files = (
			);
			runOnlyForDeploymentPostprocessing = 0;
		};
		EB00A4C72004720800DC2102 /* Resources */ = {
			isa = PBXResourcesBuildPhase;
			buildActionMask = 2147483647;
			files = (
			);
			runOnlyForDeploymentPostprocessing = 0;
		};
/* End PBXResourcesBuildPhase section */

/* Begin PBXShellScriptBuildPhase section */
		008E8E92BEEBF1A7CD82294C /* [CP] Check Pods Manifest.lock */ = {
			isa = PBXShellScriptBuildPhase;
			buildActionMask = 2147483647;
			files = (
			);
			inputPaths = (
			);
			name = "[CP] Check Pods Manifest.lock";
			outputPaths = (
			);
			runOnlyForDeploymentPostprocessing = 0;
			shellPath = /bin/sh;
			shellScript = "diff \"${PODS_PODFILE_DIR_PATH}/Podfile.lock\" \"${PODS_ROOT}/Manifest.lock\" > /dev/null\nif [ $? != 0 ] ; then\n    # print error to STDERR\n    echo \"error: The sandbox is not in sync with the Podfile.lock. Run 'pod install' or update your CocoaPods installation.\" >&2\n    exit 1\nfi\n";
			showEnvVarsInLog = 0;
		};
		1C58966B88ADB34AA73341C9 /* [CP] Check Pods Manifest.lock */ = {
			isa = PBXShellScriptBuildPhase;
			buildActionMask = 2147483647;
			files = (
			);
			inputPaths = (
			);
			name = "[CP] Check Pods Manifest.lock";
			outputPaths = (
			);
			runOnlyForDeploymentPostprocessing = 0;
			shellPath = /bin/sh;
			shellScript = "diff \"${PODS_PODFILE_DIR_PATH}/Podfile.lock\" \"${PODS_ROOT}/Manifest.lock\" > /dev/null\nif [ $? != 0 ] ; then\n    # print error to STDERR\n    echo \"error: The sandbox is not in sync with the Podfile.lock. Run 'pod install' or update your CocoaPods installation.\" >&2\n    exit 1\nfi\n";
			showEnvVarsInLog = 0;
		};
		7ED6D4DF366B8D19DA25EED4 /* [CP] Copy Pods Resources */ = {
			isa = PBXShellScriptBuildPhase;
			buildActionMask = 2147483647;
			files = (
			);
			inputPaths = (
			);
			name = "[CP] Copy Pods Resources";
			outputPaths = (
			);
			runOnlyForDeploymentPostprocessing = 0;
			shellPath = /bin/sh;
			shellScript = "\"${SRCROOT}/Pods/Target Support Files/Pods-LWShareViewUITests/Pods-LWShareViewUITests-resources.sh\"\n";
			showEnvVarsInLog = 0;
		};
		8FFF2058AD386FE7B90067A6 /* [CP] Copy Pods Resources */ = {
			isa = PBXShellScriptBuildPhase;
			buildActionMask = 2147483647;
			files = (
			);
			inputPaths = (
			);
			name = "[CP] Copy Pods Resources";
			outputPaths = (
			);
			runOnlyForDeploymentPostprocessing = 0;
			shellPath = /bin/sh;
			shellScript = "\"${SRCROOT}/Pods/Target Support Files/Pods-LWShareViewTests/Pods-LWShareViewTests-resources.sh\"\n";
			showEnvVarsInLog = 0;
		};
		A8692C40A53C7BD4483FA1E5 /* [CP] Embed Pods Frameworks */ = {
			isa = PBXShellScriptBuildPhase;
			buildActionMask = 2147483647;
			files = (
			);
			inputPaths = (
			);
			name = "[CP] Embed Pods Frameworks";
			outputPaths = (
			);
			runOnlyForDeploymentPostprocessing = 0;
			shellPath = /bin/sh;
			shellScript = "\"${SRCROOT}/Pods/Target Support Files/Pods-LWShareView/Pods-LWShareView-frameworks.sh\"\n";
			showEnvVarsInLog = 0;
		};
		C0D51E96F6709B1100BD9F31 /* [CP] Embed Pods Frameworks */ = {
			isa = PBXShellScriptBuildPhase;
			buildActionMask = 2147483647;
			files = (
			);
			inputPaths = (
			);
			name = "[CP] Embed Pods Frameworks";
			outputPaths = (
			);
			runOnlyForDeploymentPostprocessing = 0;
			shellPath = /bin/sh;
			shellScript = "\"${SRCROOT}/Pods/Target Support Files/Pods-LWShareViewTests/Pods-LWShareViewTests-frameworks.sh\"\n";
			showEnvVarsInLog = 0;
		};
		C2DA74B432949C3F6D765439 /* [CP] Check Pods Manifest.lock */ = {
			isa = PBXShellScriptBuildPhase;
			buildActionMask = 2147483647;
			files = (
			);
			inputPaths = (
			);
			name = "[CP] Check Pods Manifest.lock";
			outputPaths = (
			);
			runOnlyForDeploymentPostprocessing = 0;
			shellPath = /bin/sh;
			shellScript = "diff \"${PODS_PODFILE_DIR_PATH}/Podfile.lock\" \"${PODS_ROOT}/Manifest.lock\" > /dev/null\nif [ $? != 0 ] ; then\n    # print error to STDERR\n    echo \"error: The sandbox is not in sync with the Podfile.lock. Run 'pod install' or update your CocoaPods installation.\" >&2\n    exit 1\nfi\n";
			showEnvVarsInLog = 0;
		};
		DAB3FB07C16C3A68BA1E9AC6 /* [CP] Embed Pods Frameworks */ = {
			isa = PBXShellScriptBuildPhase;
			buildActionMask = 2147483647;
			files = (
			);
			inputPaths = (
			);
			name = "[CP] Embed Pods Frameworks";
			outputPaths = (
			);
			runOnlyForDeploymentPostprocessing = 0;
			shellPath = /bin/sh;
			shellScript = "\"${SRCROOT}/Pods/Target Support Files/Pods-LWShareViewUITests/Pods-LWShareViewUITests-frameworks.sh\"\n";
			showEnvVarsInLog = 0;
		};
		EE4D7FC7F8DE49BCF62C47B9 /* [CP] Copy Pods Resources */ = {
			isa = PBXShellScriptBuildPhase;
			buildActionMask = 2147483647;
			files = (
			);
			inputPaths = (
			);
			name = "[CP] Copy Pods Resources";
			outputPaths = (
			);
			runOnlyForDeploymentPostprocessing = 0;
			shellPath = /bin/sh;
			shellScript = "\"${SRCROOT}/Pods/Target Support Files/Pods-LWShareView/Pods-LWShareView-resources.sh\"\n";
			showEnvVarsInLog = 0;
		};
/* End PBXShellScriptBuildPhase section */

/* Begin PBXSourcesBuildPhase section */
		EB00A4A22004720700DC2102 /* Sources */ = {
			isa = PBXSourcesBuildPhase;
			buildActionMask = 2147483647;
			files = (
				EB00A5162005F66000DC2102 /* LWShareService.m in Sources */,
				EB00A4B92004720700DC2102 /* main.m in Sources */,
				EB00A5052004C94400DC2102 /* LWShareButton.m in Sources */,
				EB00A4DE2004731A00DC2102 /* LWShareSheetView.m in Sources */,
				EB00A4EB20049EAC00DC2102 /* LWShareContentView.m in Sources */,
				EB00A4E820049B6100DC2102 /* UIColor+LW.m in Sources */,
				EB00A4AB2004720700DC2102 /* AppDelegate.m in Sources */,
				EB00A4E52004743400DC2102 /* LWViewController.m in Sources */,
				EB00A5042004C94400DC2102 /* LWShareCollectionViewCell.m in Sources */,
			);
			runOnlyForDeploymentPostprocessing = 0;
		};
		EB00A4BA2004720800DC2102 /* Sources */ = {
			isa = PBXSourcesBuildPhase;
			buildActionMask = 2147483647;
			files = (
				EB00A4C32004720800DC2102 /* LWShareViewTests.m in Sources */,
			);
			runOnlyForDeploymentPostprocessing = 0;
		};
		EB00A4C52004720800DC2102 /* Sources */ = {
			isa = PBXSourcesBuildPhase;
			buildActionMask = 2147483647;
			files = (
				EB00A4CE2004720800DC2102 /* LWShareViewUITests.m in Sources */,
			);
			runOnlyForDeploymentPostprocessing = 0;
		};
/* End PBXSourcesBuildPhase section */

/* Begin PBXTargetDependency section */
		EB00A4C02004720800DC2102 /* PBXTargetDependency */ = {
			isa = PBXTargetDependency;
			target = EB00A4A52004720700DC2102 /* LWShareView */;
			targetProxy = EB00A4BF2004720800DC2102 /* PBXContainerItemProxy */;
		};
		EB00A4CB2004720800DC2102 /* PBXTargetDependency */ = {
			isa = PBXTargetDependency;
			target = EB00A4A52004720700DC2102 /* LWShareView */;
			targetProxy = EB00A4CA2004720800DC2102 /* PBXContainerItemProxy */;
		};
/* End PBXTargetDependency section */

/* Begin PBXVariantGroup section */
		EB00A4AF2004720700DC2102 /* Main.storyboard */ = {
			isa = PBXVariantGroup;
			children = (
				EB00A4B02004720700DC2102 /* Base */,
			);
			name = Main.storyboard;
			sourceTree = "<group>";
		};
		EB00A4B42004720700DC2102 /* LaunchScreen.storyboard */ = {
			isa = PBXVariantGroup;
			children = (
				EB00A4B52004720700DC2102 /* Base */,
			);
			name = LaunchScreen.storyboard;
			sourceTree = "<group>";
		};
/* End PBXVariantGroup section */

/* Begin XCBuildConfiguration section */
		EB00A4D02004720800DC2102 /* Debug */ = {
			isa = XCBuildConfiguration;
			buildSettings = {
				ALWAYS_SEARCH_USER_PATHS = NO;
				CLANG_ANALYZER_NONNULL = YES;
				CLANG_ANALYZER_NUMBER_OBJECT_CONVERSION = YES_AGGRESSIVE;
				CLANG_CXX_LANGUAGE_STANDARD = "gnu++14";
				CLANG_CXX_LIBRARY = "libc++";
				CLANG_ENABLE_MODULES = YES;
				CLANG_ENABLE_OBJC_ARC = YES;
				CLANG_WARN_BLOCK_CAPTURE_AUTORELEASING = YES;
				CLANG_WARN_BOOL_CONVERSION = YES;
				CLANG_WARN_COMMA = YES;
				CLANG_WARN_CONSTANT_CONVERSION = YES;
				CLANG_WARN_DIRECT_OBJC_ISA_USAGE = YES_ERROR;
				CLANG_WARN_DOCUMENTATION_COMMENTS = YES;
				CLANG_WARN_EMPTY_BODY = YES;
				CLANG_WARN_ENUM_CONVERSION = YES;
				CLANG_WARN_INFINITE_RECURSION = YES;
				CLANG_WARN_INT_CONVERSION = YES;
				CLANG_WARN_NON_LITERAL_NULL_CONVERSION = YES;
				CLANG_WARN_OBJC_LITERAL_CONVERSION = YES;
				CLANG_WARN_OBJC_ROOT_CLASS = YES_ERROR;
				CLANG_WARN_RANGE_LOOP_ANALYSIS = YES;
				CLANG_WARN_STRICT_PROTOTYPES = YES;
				CLANG_WARN_SUSPICIOUS_MOVE = YES;
				CLANG_WARN_UNGUARDED_AVAILABILITY = YES_AGGRESSIVE;
				CLANG_WARN_UNREACHABLE_CODE = YES;
				CLANG_WARN__DUPLICATE_METHOD_MATCH = YES;
				CODE_SIGN_IDENTITY = "iPhone Developer";
				COPY_PHASE_STRIP = NO;
				DEBUG_INFORMATION_FORMAT = dwarf;
				ENABLE_STRICT_OBJC_MSGSEND = YES;
				ENABLE_TESTABILITY = YES;
				GCC_C_LANGUAGE_STANDARD = gnu11;
				GCC_DYNAMIC_NO_PIC = NO;
				GCC_NO_COMMON_BLOCKS = YES;
				GCC_OPTIMIZATION_LEVEL = 0;
				GCC_PREPROCESSOR_DEFINITIONS = (
					"DEBUG=1",
					"$(inherited)",
				);
				GCC_WARN_64_TO_32_BIT_CONVERSION = YES;
				GCC_WARN_ABOUT_RETURN_TYPE = YES_ERROR;
				GCC_WARN_UNDECLARED_SELECTOR = YES;
				GCC_WARN_UNINITIALIZED_AUTOS = YES_AGGRESSIVE;
				GCC_WARN_UNUSED_FUNCTION = YES;
				GCC_WARN_UNUSED_VARIABLE = YES;
				IPHONEOS_DEPLOYMENT_TARGET = 11.2;
				MTL_ENABLE_DEBUG_INFO = YES;
				ONLY_ACTIVE_ARCH = YES;
				SDKROOT = iphoneos;
			};
			name = Debug;
		};
		EB00A4D12004720800DC2102 /* Release */ = {
			isa = XCBuildConfiguration;
			buildSettings = {
				ALWAYS_SEARCH_USER_PATHS = NO;
				CLANG_ANALYZER_NONNULL = YES;
				CLANG_ANALYZER_NUMBER_OBJECT_CONVERSION = YES_AGGRESSIVE;
				CLANG_CXX_LANGUAGE_STANDARD = "gnu++14";
				CLANG_CXX_LIBRARY = "libc++";
				CLANG_ENABLE_MODULES = YES;
				CLANG_ENABLE_OBJC_ARC = YES;
				CLANG_WARN_BLOCK_CAPTURE_AUTORELEASING = YES;
				CLANG_WARN_BOOL_CONVERSION = YES;
				CLANG_WARN_COMMA = YES;
				CLANG_WARN_CONSTANT_CONVERSION = YES;
				CLANG_WARN_DIRECT_OBJC_ISA_USAGE = YES_ERROR;
				CLANG_WARN_DOCUMENTATION_COMMENTS = YES;
				CLANG_WARN_EMPTY_BODY = YES;
				CLANG_WARN_ENUM_CONVERSION = YES;
				CLANG_WARN_INFINITE_RECURSION = YES;
				CLANG_WARN_INT_CONVERSION = YES;
				CLANG_WARN_NON_LITERAL_NULL_CONVERSION = YES;
				CLANG_WARN_OBJC_LITERAL_CONVERSION = YES;
				CLANG_WARN_OBJC_ROOT_CLASS = YES_ERROR;
				CLANG_WARN_RANGE_LOOP_ANALYSIS = YES;
				CLANG_WARN_STRICT_PROTOTYPES = YES;
				CLANG_WARN_SUSPICIOUS_MOVE = YES;
				CLANG_WARN_UNGUARDED_AVAILABILITY = YES_AGGRESSIVE;
				CLANG_WARN_UNREACHABLE_CODE = YES;
				CLANG_WARN__DUPLICATE_METHOD_MATCH = YES;
				CODE_SIGN_IDENTITY = "iPhone Developer";
				COPY_PHASE_STRIP = NO;
				DEBUG_INFORMATION_FORMAT = "dwarf-with-dsym";
				ENABLE_NS_ASSERTIONS = NO;
				ENABLE_STRICT_OBJC_MSGSEND = YES;
				GCC_C_LANGUAGE_STANDARD = gnu11;
				GCC_NO_COMMON_BLOCKS = YES;
				GCC_WARN_64_TO_32_BIT_CONVERSION = YES;
				GCC_WARN_ABOUT_RETURN_TYPE = YES_ERROR;
				GCC_WARN_UNDECLARED_SELECTOR = YES;
				GCC_WARN_UNINITIALIZED_AUTOS = YES_AGGRESSIVE;
				GCC_WARN_UNUSED_FUNCTION = YES;
				GCC_WARN_UNUSED_VARIABLE = YES;
				IPHONEOS_DEPLOYMENT_TARGET = 11.2;
				MTL_ENABLE_DEBUG_INFO = NO;
				SDKROOT = iphoneos;
				VALIDATE_PRODUCT = YES;
			};
			name = Release;
		};
		EB00A4D32004720800DC2102 /* Debug */ = {
			isa = XCBuildConfiguration;
			baseConfigurationReference = 057B9E4A1912FE23C62A88B1 /* Pods-LWShareView.debug.xcconfig */;
			buildSettings = {
				ASSETCATALOG_COMPILER_APPICON_NAME = AppIcon;
				CODE_SIGN_STYLE = Automatic;
				DEVELOPMENT_TEAM = XWNPFKK4U5;
				INFOPLIST_FILE = "$(SRCROOT)/LWShareView/Support Files/Info.plist";
				LD_RUNPATH_SEARCH_PATHS = "$(inherited) @executable_path/Frameworks";
				PRODUCT_BUNDLE_IDENTIFIER = com.msb.LWShareView;
				PRODUCT_NAME = "$(TARGET_NAME)";
				TARGETED_DEVICE_FAMILY = "1,2";
			};
			name = Debug;
		};
		EB00A4D42004720800DC2102 /* Release */ = {
			isa = XCBuildConfiguration;
			baseConfigurationReference = F381D8F3B2DD8E947B1623AC /* Pods-LWShareView.release.xcconfig */;
			buildSettings = {
				ASSETCATALOG_COMPILER_APPICON_NAME = AppIcon;
				CODE_SIGN_STYLE = Automatic;
				DEVELOPMENT_TEAM = XWNPFKK4U5;
				INFOPLIST_FILE = "$(SRCROOT)/LWShareView/Support Files/Info.plist";
				LD_RUNPATH_SEARCH_PATHS = "$(inherited) @executable_path/Frameworks";
				PRODUCT_BUNDLE_IDENTIFIER = com.msb.LWShareView;
				PRODUCT_NAME = "$(TARGET_NAME)";
				TARGETED_DEVICE_FAMILY = "1,2";
			};
			name = Release;
		};
		EB00A4D62004720800DC2102 /* Debug */ = {
			isa = XCBuildConfiguration;
			baseConfigurationReference = C0B71BCEF514B6BEB4B2E239 /* Pods-LWShareViewTests.debug.xcconfig */;
			buildSettings = {
				BUNDLE_LOADER = "$(TEST_HOST)";
				CODE_SIGN_STYLE = Automatic;
				DEVELOPMENT_TEAM = XWNPFKK4U5;
				INFOPLIST_FILE = LWShareViewTests/Info.plist;
				LD_RUNPATH_SEARCH_PATHS = "$(inherited) @executable_path/Frameworks @loader_path/Frameworks";
				PRODUCT_BUNDLE_IDENTIFIER = com.msb.LWShareViewTests;
				PRODUCT_NAME = "$(TARGET_NAME)";
				TARGETED_DEVICE_FAMILY = "1,2";
				TEST_HOST = "$(BUILT_PRODUCTS_DIR)/LWShareView.app/LWShareView";
			};
			name = Debug;
		};
		EB00A4D72004720800DC2102 /* Release */ = {
			isa = XCBuildConfiguration;
			baseConfigurationReference = D109CD94B3622575E332220F /* Pods-LWShareViewTests.release.xcconfig */;
			buildSettings = {
				BUNDLE_LOADER = "$(TEST_HOST)";
				CODE_SIGN_STYLE = Automatic;
				DEVELOPMENT_TEAM = XWNPFKK4U5;
				INFOPLIST_FILE = LWShareViewTests/Info.plist;
				LD_RUNPATH_SEARCH_PATHS = "$(inherited) @executable_path/Frameworks @loader_path/Frameworks";
				PRODUCT_BUNDLE_IDENTIFIER = com.msb.LWShareViewTests;
				PRODUCT_NAME = "$(TARGET_NAME)";
				TARGETED_DEVICE_FAMILY = "1,2";
				TEST_HOST = "$(BUILT_PRODUCTS_DIR)/LWShareView.app/LWShareView";
			};
			name = Release;
		};
		EB00A4D92004720800DC2102 /* Debug */ = {
			isa = XCBuildConfiguration;
			baseConfigurationReference = AEBD0519B1051D1847000A70 /* Pods-LWShareViewUITests.debug.xcconfig */;
			buildSettings = {
				CODE_SIGN_STYLE = Automatic;
				DEVELOPMENT_TEAM = XWNPFKK4U5;
				INFOPLIST_FILE = LWShareViewUITests/Info.plist;
				LD_RUNPATH_SEARCH_PATHS = "$(inherited) @executable_path/Frameworks @loader_path/Frameworks";
				PRODUCT_BUNDLE_IDENTIFIER = com.msb.LWShareViewUITests;
				PRODUCT_NAME = "$(TARGET_NAME)";
				TARGETED_DEVICE_FAMILY = "1,2";
				TEST_TARGET_NAME = LWShareView;
			};
			name = Debug;
		};
		EB00A4DA2004720800DC2102 /* Release */ = {
			isa = XCBuildConfiguration;
			baseConfigurationReference = F9FB605A583B843E88B9A82B /* Pods-LWShareViewUITests.release.xcconfig */;
			buildSettings = {
				CODE_SIGN_STYLE = Automatic;
				DEVELOPMENT_TEAM = XWNPFKK4U5;
				INFOPLIST_FILE = LWShareViewUITests/Info.plist;
				LD_RUNPATH_SEARCH_PATHS = "$(inherited) @executable_path/Frameworks @loader_path/Frameworks";
				PRODUCT_BUNDLE_IDENTIFIER = com.msb.LWShareViewUITests;
				PRODUCT_NAME = "$(TARGET_NAME)";
				TARGETED_DEVICE_FAMILY = "1,2";
				TEST_TARGET_NAME = LWShareView;
			};
			name = Release;
		};
/* End XCBuildConfiguration section */

/* Begin XCConfigurationList section */
		EB00A4A12004720700DC2102 /* Build configuration list for PBXProject "LWShareView" */ = {
			isa = XCConfigurationList;
			buildConfigurations = (
				EB00A4D02004720800DC2102 /* Debug */,
				EB00A4D12004720800DC2102 /* Release */,
			);
			defaultConfigurationIsVisible = 0;
			defaultConfigurationName = Release;
		};
		EB00A4D22004720800DC2102 /* Build configuration list for PBXNativeTarget "LWShareView" */ = {
			isa = XCConfigurationList;
			buildConfigurations = (
				EB00A4D32004720800DC2102 /* Debug */,
				EB00A4D42004720800DC2102 /* Release */,
			);
			defaultConfigurationIsVisible = 0;
			defaultConfigurationName = Release;
		};
		EB00A4D52004720800DC2102 /* Build configuration list for PBXNativeTarget "LWShareViewTests" */ = {
			isa = XCConfigurationList;
			buildConfigurations = (
				EB00A4D62004720800DC2102 /* Debug */,
				EB00A4D72004720800DC2102 /* Release */,
			);
			defaultConfigurationIsVisible = 0;
			defaultConfigurationName = Release;
		};
		EB00A4D82004720800DC2102 /* Build configuration list for PBXNativeTarget "LWShareViewUITests" */ = {
			isa = XCConfigurationList;
			buildConfigurations = (
				EB00A4D92004720800DC2102 /* Debug */,
				EB00A4DA2004720800DC2102 /* Release */,
			);
			defaultConfigurationIsVisible = 0;
			defaultConfigurationName = Release;
		};
/* End XCConfigurationList section */
	};
	rootObject = EB00A49E2004720700DC2102 /* Project object */;
}
